// !$*UTF8*$!
{
	archiveVersion = 1;
	classes = {
	};
	objectVersion = 77;
	objects = {

/* Begin PBXContainerItemProxy section */
		379840332E85B3BA004FB748 /* PBXContainerItemProxy */ = {
			isa = PBXContainerItemProxy;
			containerPortal = 3798401D2E85B3B8004FB748 /* Project object */;
			proxyType = 1;
			remoteGlobalIDString = 379840242E85B3B8004FB748;
			remoteInfo = 2nd_hw_ParkJinsoo;
		};
		3798403D2E85B3BA004FB748 /* PBXContainerItemProxy */ = {
			isa = PBXContainerItemProxy;
			containerPortal = 3798401D2E85B3B8004FB748 /* Project object */;
			proxyType = 1;
			remoteGlobalIDString = 379840242E85B3B8004FB748;
			remoteInfo = 2nd_hw_ParkJinsoo;
		};
/* End PBXContainerItemProxy section */

/* Begin PBXFileReference section */
		379840252E85B3B8004FB748 /* 2nd_hw_ParkJinsoo.app */ = {isa = PBXFileReference; explicitFileType = wrapper.application; includeInIndex = 0; path = 2nd_hw_ParkJinsoo.app; sourceTree = BUILT_PRODUCTS_DIR; };
		379840322E85B3BA004FB748 /* 2nd_hw_ParkJinsooTests.xctest */ = {isa = PBXFileReference; explicitFileType = wrapper.cfbundle; includeInIndex = 0; path = 2nd_hw_ParkJinsooTests.xctest; sourceTree = BUILT_PRODUCTS_DIR; };
		3798403C2E85B3BA004FB748 /* 2nd_hw_ParkJinsooUITests.xctest */ = {isa = PBXFileReference; explicitFileType = wrapper.cfbundle; includeInIndex = 0; path = 2nd_hw_ParkJinsooUITests.xctest; sourceTree = BUILT_PRODUCTS_DIR; };
/* End PBXFileReference section */

/* Begin PBXFileSystemSynchronizedRootGroup section */
		379840272E85B3B8004FB748 /* 2nd_hw_ParkJinsoo */ = {
			isa = PBXFileSystemSynchronizedRootGroup;
			path = 2nd_hw_ParkJinsoo;
			sourceTree = "<group>";
		};
		379840352E85B3BA004FB748 /* 2nd_hw_ParkJinsooTests */ = {
			isa = PBXFileSystemSynchronizedRootGroup;
			path = 2nd_hw_ParkJinsooTests;
			sourceTree = "<group>";
		};
		3798403F2E85B3BA004FB748 /* 2nd_hw_ParkJinsooUITests */ = {
			isa = PBXFileSystemSynchronizedRootGroup;
			path = 2nd_hw_ParkJinsooUITests;
			sourceTree = "<group>";
		};
/* End PBXFileSystemSynchronizedRootGroup section */

/* Begin PBXFrameworksBuildPhase section */
		379840222E85B3B8004FB748 /* Frameworks */ = {
			isa = PBXFrameworksBuildPhase;
			buildActionMask = 2147483647;
			files = (
			);
			runOnlyForDeploymentPostprocessing = 0;
		};
		3798402F2E85B3BA004FB748 /* Frameworks */ = {
			isa = PBXFrameworksBuildPhase;
			buildActionMask = 2147483647;
			files = (
			);
			runOnlyForDeploymentPostprocessing = 0;
		};
		379840392E85B3BA004FB748 /* Frameworks */ = {
			isa = PBXFrameworksBuildPhase;
			buildActionMask = 2147483647;
			files = (
			);
			runOnlyForDeploymentPostprocessing = 0;
		};
/* End PBXFrameworksBuildPhase section */

/* Begin PBXGroup section */
		3798401C2E85B3B8004FB748 = {
			isa = PBXGroup;
			children = (
				379840272E85B3B8004FB748 /* 2nd_hw_ParkJinsoo */,
				379840352E85B3BA004FB748 /* 2nd_hw_ParkJinsooTests */,
				3798403F2E85B3BA004FB748 /* 2nd_hw_ParkJinsooUITests */,
				379840262E85B3B8004FB748 /* Products */,
			);
			sourceTree = "<group>";
		};
		379840262E85B3B8004FB748 /* Products */ = {
			isa = PBXGroup;
			children = (
				379840252E85B3B8004FB748 /* 2nd_hw_ParkJinsoo.app */,
				379840322E85B3BA004FB748 /* 2nd_hw_ParkJinsooTests.xctest */,
				3798403C2E85B3BA004FB748 /* 2nd_hw_ParkJinsooUITests.xctest */,
			);
			name = Products;
			sourceTree = "<group>";
		};
/* End PBXGroup section */

/* Begin PBXNativeTarget section */
		379840242E85B3B8004FB748 /* 2nd_hw_ParkJinsoo */ = {
			isa = PBXNativeTarget;
			buildConfigurationList = 379840462E85B3BA004FB748 /* Build configuration list for PBXNativeTarget "2nd_hw_ParkJinsoo" */;
			buildPhases = (
				379840212E85B3B8004FB748 /* Sources */,
				379840222E85B3B8004FB748 /* Frameworks */,
				379840232E85B3B8004FB748 /* Resources */,
			);
			buildRules = (
			);
			dependencies = (
			);
			fileSystemSynchronizedGroups = (
				379840272E85B3B8004FB748 /* 2nd_hw_ParkJinsoo */,
			);
			name = 2nd_hw_ParkJinsoo;
			packageProductDependencies = (
			);
			productName = 2nd_hw_ParkJinsoo;
			productReference = 379840252E85B3B8004FB748 /* 2nd_hw_ParkJinsoo.app */;
			productType = "com.apple.product-type.application";
		};
		379840312E85B3BA004FB748 /* 2nd_hw_ParkJinsooTests */ = {
			isa = PBXNativeTarget;
			buildConfigurationList = 379840492E85B3BA004FB748 /* Build configuration list for PBXNativeTarget "2nd_hw_ParkJinsooTests" */;
			buildPhases = (
				3798402E2E85B3BA004FB748 /* Sources */,
				3798402F2E85B3BA004FB748 /* Frameworks */,
				379840302E85B3BA004FB748 /* Resources */,
			);
			buildRules = (
			);
			dependencies = (
				379840342E85B3BA004FB748 /* PBXTargetDependency */,
			);
			fileSystemSynchronizedGroups = (
				379840352E85B3BA004FB748 /* 2nd_hw_ParkJinsooTests */,
			);
			name = 2nd_hw_ParkJinsooTests;
			packageProductDependencies = (
			);
			productName = 2nd_hw_ParkJinsooTests;
			productReference = 379840322E85B3BA004FB748 /* 2nd_hw_ParkJinsooTests.xctest */;
			productType = "com.apple.product-type.bundle.unit-test";
		};
		3798403B2E85B3BA004FB748 /* 2nd_hw_ParkJinsooUITests */ = {
			isa = PBXNativeTarget;
			buildConfigurationList = 3798404C2E85B3BA004FB748 /* Build configuration list for PBXNativeTarget "2nd_hw_ParkJinsooUITests" */;
			buildPhases = (
				379840382E85B3BA004FB748 /* Sources */,
				379840392E85B3BA004FB748 /* Frameworks */,
				3798403A2E85B3BA004FB748 /* Resources */,
			);
			buildRules = (
			);
			dependencies = (
				3798403E2E85B3BA004FB748 /* PBXTargetDependency */,
			);
			fileSystemSynchronizedGroups = (
				3798403F2E85B3BA004FB748 /* 2nd_hw_ParkJinsooUITests */,
			);
			name = 2nd_hw_ParkJinsooUITests;
			packageProductDependencies = (
			);
			productName = 2nd_hw_ParkJinsooUITests;
			productReference = 3798403C2E85B3BA004FB748 /* 2nd_hw_ParkJinsooUITests.xctest */;
			productType = "com.apple.product-type.bundle.ui-testing";
		};
/* End PBXNativeTarget section */

/* Begin PBXProject section */
		3798401D2E85B3B8004FB748 /* Project object */ = {
			isa = PBXProject;
			attributes = {
				BuildIndependentTargetsInParallel = 1;
				LastSwiftUpdateCheck = 1640;
				LastUpgradeCheck = 1640;
				TargetAttributes = {
					379840242E85B3B8004FB748 = {
						CreatedOnToolsVersion = 16.4;
					};
					379840312E85B3BA004FB748 = {
						CreatedOnToolsVersion = 16.4;
						TestTargetID = 379840242E85B3B8004FB748;
					};
					3798403B2E85B3BA004FB748 = {
						CreatedOnToolsVersion = 16.4;
						TestTargetID = 379840242E85B3B8004FB748;
					};
				};
			};
			buildConfigurationList = 379840202E85B3B8004FB748 /* Build configuration list for PBXProject "2nd_hw_ParkJinsoo" */;
			developmentRegion = en;
			hasScannedForEncodings = 0;
			knownRegions = (
				en,
				Base,
			);
			mainGroup = 3798401C2E85B3B8004FB748;
			minimizedProjectReferenceProxies = 1;
			preferredProjectObjectVersion = 77;
			productRefGroup = 379840262E85B3B8004FB748 /* Products */;
			projectDirPath = "";
			projectRoot = "";
			targets = (
				379840242E85B3B8004FB748 /* 2nd_hw_ParkJinsoo */,
				379840312E85B3BA004FB748 /* 2nd_hw_ParkJinsooTests */,
				3798403B2E85B3BA004FB748 /* 2nd_hw_ParkJinsooUITests */,
			);
		};
/* End PBXProject section */

/* Begin PBXResourcesBuildPhase section */
		379840232E85B3B8004FB748 /* Resources */ = {
			isa = PBXResourcesBuildPhase;
			buildActionMask = 2147483647;
			files = (
			);
			runOnlyForDeploymentPostprocessing = 0;
		};
		379840302E85B3BA004FB748 /* Resources */ = {
			isa = PBXResourcesBuildPhase;
			buildActionMask = 2147483647;
			files = (
			);
			runOnlyForDeploymentPostprocessing = 0;
		};
		3798403A2E85B3BA004FB748 /* Resources */ = {
			isa = PBXResourcesBuildPhase;
			buildActionMask = 2147483647;
			files = (
			);
			runOnlyForDeploymentPostprocessing = 0;
		};
/* End PBXResourcesBuildPhase section */

/* Begin PBXSourcesBuildPhase section */
		379840212E85B3B8004FB748 /* Sources */ = {
			isa = PBXSourcesBuildPhase;
			buildActionMask = 2147483647;
			files = (
			);
			runOnlyForDeploymentPostprocessing = 0;
		};
		3798402E2E85B3BA004FB748 /* Sources */ = {
			isa = PBXSourcesBuildPhase;
			buildActionMask = 2147483647;
			files = (
			);
			runOnlyForDeploymentPostprocessing = 0;
		};
		379840382E85B3BA004FB748 /* Sources */ = {
			isa = PBXSourcesBuildPhase;
			buildActionMask = 2147483647;
			files = (
			);
			runOnlyForDeploymentPostprocessing = 0;
		};
/* End PBXSourcesBuildPhase section */

/* Begin PBXTargetDependency section */
		379840342E85B3BA004FB748 /* PBXTargetDependency */ = {
			isa = PBXTargetDependency;
			target = 379840242E85B3B8004FB748 /* 2nd_hw_ParkJinsoo */;
			targetProxy = 379840332E85B3BA004FB748 /* PBXContainerItemProxy */;
		};
		3798403E2E85B3BA004FB748 /* PBXTargetDependency */ = {
			isa = PBXTargetDependency;
			target = 379840242E85B3B8004FB748 /* 2nd_hw_ParkJinsoo */;
			targetProxy = 3798403D2E85B3BA004FB748 /* PBXContainerItemProxy */;
		};
/* End PBXTargetDependency section */

/* Begin XCBuildConfiguration section */
		379840442E85B3BA004FB748 /* Debug */ = {
			isa = XCBuildConfiguration;
			buildSettings = {
				ALWAYS_SEARCH_USER_PATHS = NO;
				ASSETCATALOG_COMPILER_GENERATE_SWIFT_ASSET_SYMBOL_EXTENSIONS = YES;
				CLANG_ANALYZER_NONNULL = YES;
				CLANG_ANALYZER_NUMBER_OBJECT_CONVERSION = YES_AGGRESSIVE;
				CLANG_CXX_LANGUAGE_STANDARD = "gnu++20";
				CLANG_ENABLE_MODULES = YES;
				CLANG_ENABLE_OBJC_ARC = YES;
				CLANG_ENABLE_OBJC_WEAK = YES;
				CLANG_WARN_BLOCK_CAPTURE_AUTORELEASING = YES;
				CLANG_WARN_BOOL_CONVERSION = YES;
				CLANG_WARN_COMMA = YES;
				CLANG_WARN_CONSTANT_CONVERSION = YES;
				CLANG_WARN_DEPRECATED_OBJC_IMPLEMENTATIONS = YES;
				CLANG_WARN_DIRECT_OBJC_ISA_USAGE = YES_ERROR;
				CLANG_WARN_DOCUMENTATION_COMMENTS = YES;
				CLANG_WARN_EMPTY_BODY = YES;
				CLANG_WARN_ENUM_CONVERSION = YES;
				CLANG_WARN_INFINITE_RECURSION = YES;
				CLANG_WARN_INT_CONVERSION = YES;
				CLANG_WARN_NON_LITERAL_NULL_CONVERSION = YES;
				CLANG_WARN_OBJC_IMPLICIT_RETAIN_SELF = YES;
				CLANG_WARN_OBJC_LITERAL_CONVERSION = YES;
				CLANG_WARN_OBJC_ROOT_CLASS = YES_ERROR;
				CLANG_WARN_QUOTED_INCLUDE_IN_FRAMEWORK_HEADER = YES;
				CLANG_WARN_RANGE_LOOP_ANALYSIS = YES;
				CLANG_WARN_STRICT_PROTOTYPES = YES;
				CLANG_WARN_SUSPICIOUS_MOVE = YES;
				CLANG_WARN_UNGUARDED_AVAILABILITY = YES_AGGRESSIVE;
				CLANG_WARN_UNREACHABLE_CODE = YES;
				CLANG_WARN__DUPLICATE_METHOD_MATCH = YES;
				COPY_PHASE_STRIP = NO;
				DEBUG_INFORMATION_FORMAT = dwarf;
				DEVELOPMENT_TEAM = 56MQCL972R;
				ENABLE_STRICT_OBJC_MSGSEND = YES;
				ENABLE_TESTABILITY = YES;
				ENABLE_USER_SCRIPT_SANDBOXING = YES;
				GCC_C_LANGUAGE_STANDARD = gnu17;
				GCC_DYNAMIC_NO_PIC = NO;
				GCC_NO_COMMON_BLOCKS = YES;
				GCC_OPTIMIZATION_LEVEL = 0;
				GCC_PREPROCESSOR_DEFINITIONS = (
					"DEBUG=1",
					"$(inherited)",
				);
				GCC_WARN_64_TO_32_BIT_CONVERSION = YES;
				GCC_WARN_ABOUT_RETURN_TYPE = YES_ERROR;
				GCC_WARN_UNDECLARED_SELECTOR = YES;
				GCC_WARN_UNINITIALIZED_AUTOS = YES_AGGRESSIVE;
				GCC_WARN_UNUSED_FUNCTION = YES;
				GCC_WARN_UNUSED_VARIABLE = YES;
				IPHONEOS_DEPLOYMENT_TARGET = 18.5;
				LOCALIZATION_PREFERS_STRING_CATALOGS = YES;
				MTL_ENABLE_DEBUG_INFO = INCLUDE_SOURCE;
				MTL_FAST_MATH = YES;
				ONLY_ACTIVE_ARCH = YES;
				SDKROOT = iphoneos;
				SWIFT_ACTIVE_COMPILATION_CONDITIONS = "DEBUG $(inherited)";
				SWIFT_OPTIMIZATION_LEVEL = "-Onone";
			};
			name = Debug;
		};
		379840452E85B3BA004FB748 /* Release */ = {
			isa = XCBuildConfiguration;
			buildSettings = {
				ALWAYS_SEARCH_USER_PATHS = NO;
				ASSETCATALOG_COMPILER_GENERATE_SWIFT_ASSET_SYMBOL_EXTENSIONS = YES;
				CLANG_ANALYZER_NONNULL = YES;
				CLANG_ANALYZER_NUMBER_OBJECT_CONVERSION = YES_AGGRESSIVE;
				CLANG_CXX_LANGUAGE_STANDARD = "gnu++20";
				CLANG_ENABLE_MODULES = YES;
				CLANG_ENABLE_OBJC_ARC = YES;
				CLANG_ENABLE_OBJC_WEAK = YES;
				CLANG_WARN_BLOCK_CAPTURE_AUTORELEASING = YES;
				CLANG_WARN_BOOL_CONVERSION = YES;
				CLANG_WARN_COMMA = YES;
				CLANG_WARN_CONSTANT_CONVERSION = YES;
				CLANG_WARN_DEPRECATED_OBJC_IMPLEMENTATIONS = YES;
				CLANG_WARN_DIRECT_OBJC_ISA_USAGE = YES_ERROR;
				CLANG_WARN_DOCUMENTATION_COMMENTS = YES;
				CLANG_WARN_EMPTY_BODY = YES;
				CLANG_WARN_ENUM_CONVERSION = YES;
				CLANG_WARN_INFINITE_RECURSION = YES;
				CLANG_WARN_INT_CONVERSION = YES;
				CLANG_WARN_NON_LITERAL_NULL_CONVERSION = YES;
				CLANG_WARN_OBJC_IMPLICIT_RETAIN_SELF = YES;
				CLANG_WARN_OBJC_LITERAL_CONVERSION = YES;
				CLANG_WARN_OBJC_ROOT_CLASS = YES_ERROR;
				CLANG_WARN_QUOTED_INCLUDE_IN_FRAMEWORK_HEADER = YES;
				CLANG_WARN_RANGE_LOOP_ANALYSIS = YES;
				CLANG_WARN_STRICT_PROTOTYPES = YES;
				CLANG_WARN_SUSPICIOUS_MOVE = YES;
				CLANG_WARN_UNGUARDED_AVAILABILITY = YES_AGGRESSIVE;
				CLANG_WARN_UNREACHABLE_CODE = YES;
				CLANG_WARN__DUPLICATE_METHOD_MATCH = YES;
				COPY_PHASE_STRIP = NO;
				DEBUG_INFORMATION_FORMAT = "dwarf-with-dsym";
				DEVELOPMENT_TEAM = 56MQCL972R;
				ENABLE_NS_ASSERTIONS = NO;
				ENABLE_STRICT_OBJC_MSGSEND = YES;
				ENABLE_USER_SCRIPT_SANDBOXING = YES;
				GCC_C_LANGUAGE_STANDARD = gnu17;
				GCC_NO_COMMON_BLOCKS = YES;
				GCC_WARN_64_TO_32_BIT_CONVERSION = YES;
				GCC_WARN_ABOUT_RETURN_TYPE = YES_ERROR;
				GCC_WARN_UNDECLARED_SELECTOR = YES;
				GCC_WARN_UNINITIALIZED_AUTOS = YES_AGGRESSIVE;
				GCC_WARN_UNUSED_FUNCTION = YES;
				GCC_WARN_UNUSED_VARIABLE = YES;
				IPHONEOS_DEPLOYMENT_TARGET = 18.5;
				LOCALIZATION_PREFERS_STRING_CATALOGS = YES;
				MTL_ENABLE_DEBUG_INFO = NO;
				MTL_FAST_MATH = YES;
				SDKROOT = iphoneos;
				SWIFT_COMPILATION_MODE = wholemodule;
				VALIDATE_PRODUCT = YES;
			};
			name = Release;
		};
		379840472E85B3BA004FB748 /* Debug */ = {
			isa = XCBuildConfiguration;
			buildSettings = {
				ASSETCATALOG_COMPILER_APPICON_NAME = AppIcon;
				ASSETCATALOG_COMPILER_GLOBAL_ACCENT_COLOR_NAME = AccentColor;
				CODE_SIGN_STYLE = Automatic;
				CURRENT_PROJECT_VERSION = 1;
				DEVELOPMENT_TEAM = 56MQCL972R;
				ENABLE_PREVIEWS = YES;
				GENERATE_INFOPLIST_FILE = YES;
				INFOPLIST_KEY_UIApplicationSceneManifest_Generation = YES;
				INFOPLIST_KEY_UIApplicationSupportsIndirectInputEvents = YES;
				INFOPLIST_KEY_UILaunchScreen_Generation = YES;
				INFOPLIST_KEY_UISupportedInterfaceOrientations_iPad = "UIInterfaceOrientationPortrait UIInterfaceOrientationPortraitUpsideDown UIInterfaceOrientationLandscapeLeft UIInterfaceOrientationLandscapeRight";
				INFOPLIST_KEY_UISupportedInterfaceOrientations_iPhone = "UIInterfaceOrientationPortrait UIInterfaceOrientationLandscapeLeft UIInterfaceOrientationLandscapeRight";
				LD_RUNPATH_SEARCH_PATHS = (
					"$(inherited)",
					"@executable_path/Frameworks",
				);
				MARKETING_VERSION = 1.0;
				PRODUCT_BUNDLE_IDENTIFIER = "com.jinsoopark.-nd-hw-ParkJinsoo";
				PRODUCT_NAME = "$(TARGET_NAME)";
				SWIFT_EMIT_LOC_STRINGS = YES;
				SWIFT_VERSION = 5.0;
				TARGETED_DEVICE_FAMILY = "1,2";
			};
			name = Debug;
		};
		379840482E85B3BA004FB748 /* Release */ = {
			isa = XCBuildConfiguration;
			buildSettings = {
				ASSETCATALOG_COMPILER_APPICON_NAME = AppIcon;
				ASSETCATALOG_COMPILER_GLOBAL_ACCENT_COLOR_NAME = AccentColor;
				CODE_SIGN_STYLE = Automatic;
				CURRENT_PROJECT_VERSION = 1;
				DEVELOPMENT_TEAM = 56MQCL972R;
				ENABLE_PREVIEWS = YES;
				GENERATE_INFOPLIST_FILE = YES;
				INFOPLIST_KEY_UIApplicationSceneManifest_Generation = YES;
				INFOPLIST_KEY_UIApplicationSupportsIndirectInputEvents = YES;
				INFOPLIST_KEY_UILaunchScreen_Generation = YES;
				INFOPLIST_KEY_UISupportedInterfaceOrientations_iPad = "UIInterfaceOrientationPortrait UIInterfaceOrientationPortraitUpsideDown UIInterfaceOrientationLandscapeLeft UIInterfaceOrientationLandscapeRight";
				INFOPLIST_KEY_UISupportedInterfaceOrientations_iPhone = "UIInterfaceOrientationPortrait UIInterfaceOrientationLandscapeLeft UIInterfaceOrientationLandscapeRight";
				LD_RUNPATH_SEARCH_PATHS = (
					"$(inherited)",
					"@executable_path/Frameworks",
				);
				MARKETING_VERSION = 1.0;
				PRODUCT_BUNDLE_IDENTIFIER = "com.jinsoopark.-nd-hw-ParkJinsoo";
				PRODUCT_NAME = "$(TARGET_NAME)";
				SWIFT_EMIT_LOC_STRINGS = YES;
				SWIFT_VERSION = 5.0;
				TARGETED_DEVICE_FAMILY = "1,2";
			};
			name = Release;
		};
		3798404A2E85B3BA004FB748 /* Debug */ = {
			isa = XCBuildConfiguration;
			buildSettings = {
				BUNDLE_LOADER = "$(TEST_HOST)";
				CODE_SIGN_STYLE = Automatic;
				CURRENT_PROJECT_VERSION = 1;
				DEVELOPMENT_TEAM = 56MQCL972R;
				GENERATE_INFOPLIST_FILE = YES;
				IPHONEOS_DEPLOYMENT_TARGET = 18.5;
				MARKETING_VERSION = 1.0;
				PRODUCT_BUNDLE_IDENTIFIER = "com.jinsoopark.-nd-hw-ParkJinsooTests";
				PRODUCT_NAME = "$(TARGET_NAME)";
				SWIFT_EMIT_LOC_STRINGS = NO;
				SWIFT_VERSION = 5.0;
				TARGETED_DEVICE_FAMILY = "1,2";
				TEST_HOST = "$(BUILT_PRODUCTS_DIR)/2nd_hw_ParkJinsoo.app/$(BUNDLE_EXECUTABLE_FOLDER_PATH)/2nd_hw_ParkJinsoo";
			};
			name = Debug;
		};
		3798404B2E85B3BA004FB748 /* Release */ = {
			isa = XCBuildConfiguration;
			buildSettings = {
				BUNDLE_LOADER = "$(TEST_HOST)";
				CODE_SIGN_STYLE = Automatic;
				CURRENT_PROJECT_VERSION = 1;
				DEVELOPMENT_TEAM = 56MQCL972R;
				GENERATE_INFOPLIST_FILE = YES;
				IPHONEOS_DEPLOYMENT_TARGET = 18.5;
				MARKETING_VERSION = 1.0;
				PRODUCT_BUNDLE_IDENTIFIER = "com.jinsoopark.-nd-hw-ParkJinsooTests";
				PRODUCT_NAME = "$(TARGET_NAME)";
				SWIFT_EMIT_LOC_STRINGS = NO;
				SWIFT_VERSION = 5.0;
				TARGETED_DEVICE_FAMILY = "1,2";
				TEST_HOST = "$(BUILT_PRODUCTS_DIR)/2nd_hw_ParkJinsoo.app/$(BUNDLE_EXECUTABLE_FOLDER_PATH)/2nd_hw_ParkJinsoo";
			};
			name = Release;
		};
		3798404D2E85B3BA004FB748 /* Debug */ = {
			isa = XCBuildConfiguration;
			buildSettings = {
				CODE_SIGN_STYLE = Automatic;
				CURRENT_PROJECT_VERSION = 1;
				DEVELOPMENT_TEAM = 56MQCL972R;
				GENERATE_INFOPLIST_FILE = YES;
				MARKETING_VERSION = 1.0;
				PRODUCT_BUNDLE_IDENTIFIER = "com.jinsoopark.-nd-hw-ParkJinsooUITests";
				PRODUCT_NAME = "$(TARGET_NAME)";
				SWIFT_EMIT_LOC_STRINGS = NO;
				SWIFT_VERSION = 5.0;
				TARGETED_DEVICE_FAMILY = "1,2";
				TEST_TARGET_NAME = 2nd_hw_ParkJinsoo;
			};
			name = Debug;
		};
		3798404E2E85B3BA004FB748 /* Release */ = {
			isa = XCBuildConfiguration;
			buildSettings = {
				CODE_SIGN_STYLE = Automatic;
				CURRENT_PROJECT_VERSION = 1;
				DEVELOPMENT_TEAM = 56MQCL972R;
				GENERATE_INFOPLIST_FILE = YES;
				MARKETING_VERSION = 1.0;
				PRODUCT_BUNDLE_IDENTIFIER = "com.jinsoopark.-nd-hw-ParkJinsooUITests";
				PRODUCT_NAME = "$(TARGET_NAME)";
				SWIFT_EMIT_LOC_STRINGS = NO;
				SWIFT_VERSION = 5.0;
				TARGETED_DEVICE_FAMILY = "1,2";
				TEST_TARGET_NAME = 2nd_hw_ParkJinsoo;
			};
			name = Release;
		};
/* End XCBuildConfiguration section */

/* Begin XCConfigurationList section */
		379840202E85B3B8004FB748 /* Build configuration list for PBXProject "2nd_hw_ParkJinsoo" */ = {
			isa = XCConfigurationList;
			buildConfigurations = (
				379840442E85B3BA004FB748 /* Debug */,
				379840452E85B3BA004FB748 /* Release */,
			);
			defaultConfigurationIsVisible = 0;
			defaultConfigurationName = Release;
		};
		379840462E85B3BA004FB748 /* Build configuration list for PBXNativeTarget "2nd_hw_ParkJinsoo" */ = {
			isa = XCConfigurationList;
			buildConfigurations = (
				379840472E85B3BA004FB748 /* Debug */,
				379840482E85B3BA004FB748 /* Release */,
			);
			defaultConfigurationIsVisible = 0;
			defaultConfigurationName = Release;
		};
		379840492E85B3BA004FB748 /* Build configuration list for PBXNativeTarget "2nd_hw_ParkJinsooTests" */ = {
			isa = XCConfigurationList;
			buildConfigurations = (
				3798404A2E85B3BA004FB748 /* Debug */,
				3798404B2E85B3BA004FB748 /* Release */,
			);
			defaultConfigurationIsVisible = 0;
			defaultConfigurationName = Release;
		};
		3798404C2E85B3BA004FB748 /* Build configuration list for PBXNativeTarget "2nd_hw_ParkJinsooUITests" */ = {
			isa = XCConfigurationList;
			buildConfigurations = (
				3798404D2E85B3BA004FB748 /* Debug */,
				3798404E2E85B3BA004FB748 /* Release */,
			);
			defaultConfigurationIsVisible = 0;
			defaultConfigurationName = Release;
		};
/* End XCConfigurationList section */
	};
	rootObject = 3798401D2E85B3B8004FB748 /* Project object */;
}
