// !$*UTF8*$!
{
	archiveVersion = 1;
	classes = {
	};
	objectVersion = 77;
	objects = {

/* Begin PBXContainerItemProxy section */
		37782ED52E968ADF00D5C773 /* PBXContainerItemProxy */ = {
			isa = PBXContainerItemProxy;
			containerPortal = 37782EBF2E968ADD00D5C773 /* Project object */;
			proxyType = 1;
			remoteGlobalIDString = 37782EC62E968ADD00D5C773;
			remoteInfo = 3rd_hw_ParkJinsoo;
		};
		37782EDF2E968ADF00D5C773 /* PBXContainerItemProxy */ = {
			isa = PBXContainerItemProxy;
			containerPortal = 37782EBF2E968ADD00D5C773 /* Project object */;
			proxyType = 1;
			remoteGlobalIDString = 37782EC62E968ADD00D5C773;
			remoteInfo = 3rd_hw_ParkJinsoo;
		};
/* End PBXContainerItemProxy section */

/* Begin PBXFileReference section */
		37782EC72E968ADD00D5C773 /* 3rd_hw_ParkJinsoo.app */ = {isa = PBXFileReference; explicitFileType = wrapper.application; includeInIndex = 0; path = 3rd_hw_ParkJinsoo.app; sourceTree = BUILT_PRODUCTS_DIR; };
		37782ED42E968ADF00D5C773 /* 3rd_hw_ParkJinsooTests.xctest */ = {isa = PBXFileReference; explicitFileType = wrapper.cfbundle; includeInIndex = 0; path = 3rd_hw_ParkJinsooTests.xctest; sourceTree = BUILT_PRODUCTS_DIR; };
		37782EDE2E968ADF00D5C773 /* 3rd_hw_ParkJinsooUITests.xctest */ = {isa = PBXFileReference; explicitFileType = wrapper.cfbundle; includeInIndex = 0; path = 3rd_hw_ParkJinsooUITests.xctest; sourceTree = BUILT_PRODUCTS_DIR; };
/* End PBXFileReference section */

/* Begin PBXFileSystemSynchronizedRootGroup section */
		37782EC92E968ADD00D5C773 /* 3rd_hw_ParkJinsoo */ = {
			isa = PBXFileSystemSynchronizedRootGroup;
			path = 3rd_hw_ParkJinsoo;
			sourceTree = "<group>";
		};
		37782ED72E968ADF00D5C773 /* 3rd_hw_ParkJinsooTests */ = {
			isa = PBXFileSystemSynchronizedRootGroup;
			path = 3rd_hw_ParkJinsooTests;
			sourceTree = "<group>";
		};
		37782EE12E968ADF00D5C773 /* 3rd_hw_ParkJinsooUITests */ = {
			isa = PBXFileSystemSynchronizedRootGroup;
			path = 3rd_hw_ParkJinsooUITests;
			sourceTree = "<group>";
		};
/* End PBXFileSystemSynchronizedRootGroup section */

/* Begin PBXFrameworksBuildPhase section */
		37782EC42E968ADD00D5C773 /* Frameworks */ = {
			isa = PBXFrameworksBuildPhase;
			buildActionMask = 2147483647;
			files = (
			);
			runOnlyForDeploymentPostprocessing = 0;
		};
		37782ED12E968ADF00D5C773 /* Frameworks */ = {
			isa = PBXFrameworksBuildPhase;
			buildActionMask = 2147483647;
			files = (
			);
			runOnlyForDeploymentPostprocessing = 0;
		};
		37782EDB2E968ADF00D5C773 /* Frameworks */ = {
			isa = PBXFrameworksBuildPhase;
			buildActionMask = 2147483647;
			files = (
			);
			runOnlyForDeploymentPostprocessing = 0;
		};
/* End PBXFrameworksBuildPhase section */

/* Begin PBXGroup section */
		37782EBE2E968ADD00D5C773 = {
			isa = PBXGroup;
			children = (
				37782EC92E968ADD00D5C773 /* 3rd_hw_ParkJinsoo */,
				37782ED72E968ADF00D5C773 /* 3rd_hw_ParkJinsooTests */,
				37782EE12E968ADF00D5C773 /* 3rd_hw_ParkJinsooUITests */,
				37782EC82E968ADD00D5C773 /* Products */,
			);
			sourceTree = "<group>";
		};
		37782EC82E968ADD00D5C773 /* Products */ = {
			isa = PBXGroup;
			children = (
				37782EC72E968ADD00D5C773 /* 3rd_hw_ParkJinsoo.app */,
				37782ED42E968ADF00D5C773 /* 3rd_hw_ParkJinsooTests.xctest */,
				37782EDE2E968ADF00D5C773 /* 3rd_hw_ParkJinsooUITests.xctest */,
			);
			name = Products;
			sourceTree = "<group>";
		};
/* End PBXGroup section */

/* Begin PBXNativeTarget section */
		37782EC62E968ADD00D5C773 /* 3rd_hw_ParkJinsoo */ = {
			isa = PBXNativeTarget;
			buildConfigurationList = 37782EE82E968ADF00D5C773 /* Build configuration list for PBXNativeTarget "3rd_hw_ParkJinsoo" */;
			buildPhases = (
				37782EC32E968ADD00D5C773 /* Sources */,
				37782EC42E968ADD00D5C773 /* Frameworks */,
				37782EC52E968ADD00D5C773 /* Resources */,
			);
			buildRules = (
			);
			dependencies = (
			);
			fileSystemSynchronizedGroups = (
				37782EC92E968ADD00D5C773 /* 3rd_hw_ParkJinsoo */,
			);
			name = 3rd_hw_ParkJinsoo;
			packageProductDependencies = (
			);
			productName = 3rd_hw_ParkJinsoo;
			productReference = 37782EC72E968ADD00D5C773 /* 3rd_hw_ParkJinsoo.app */;
			productType = "com.apple.product-type.application";
		};
		37782ED32E968ADF00D5C773 /* 3rd_hw_ParkJinsooTests */ = {
			isa = PBXNativeTarget;
			buildConfigurationList = 37782EEB2E968ADF00D5C773 /* Build configuration list for PBXNativeTarget "3rd_hw_ParkJinsooTests" */;
			buildPhases = (
				37782ED02E968ADF00D5C773 /* Sources */,
				37782ED12E968ADF00D5C773 /* Frameworks */,
				37782ED22E968ADF00D5C773 /* Resources */,
			);
			buildRules = (
			);
			dependencies = (
				37782ED62E968ADF00D5C773 /* PBXTargetDependency */,
			);
			fileSystemSynchronizedGroups = (
				37782ED72E968ADF00D5C773 /* 3rd_hw_ParkJinsooTests */,
			);
			name = 3rd_hw_ParkJinsooTests;
			packageProductDependencies = (
			);
			productName = 3rd_hw_ParkJinsooTests;
			productReference = 37782ED42E968ADF00D5C773 /* 3rd_hw_ParkJinsooTests.xctest */;
			productType = "com.apple.product-type.bundle.unit-test";
		};
		37782EDD2E968ADF00D5C773 /* 3rd_hw_ParkJinsooUITests */ = {
			isa = PBXNativeTarget;
			buildConfigurationList = 37782EEE2E968ADF00D5C773 /* Build configuration list for PBXNativeTarget "3rd_hw_ParkJinsooUITests" */;
			buildPhases = (
				37782EDA2E968ADF00D5C773 /* Sources */,
				37782EDB2E968ADF00D5C773 /* Frameworks */,
				37782EDC2E968ADF00D5C773 /* Resources */,
			);
			buildRules = (
			);
			dependencies = (
				37782EE02E968ADF00D5C773 /* PBXTargetDependency */,
			);
			fileSystemSynchronizedGroups = (
				37782EE12E968ADF00D5C773 /* 3rd_hw_ParkJinsooUITests */,
			);
			name = 3rd_hw_ParkJinsooUITests;
			packageProductDependencies = (
			);
			productName = 3rd_hw_ParkJinsooUITests;
			productReference = 37782EDE2E968ADF00D5C773 /* 3rd_hw_ParkJinsooUITests.xctest */;
			productType = "com.apple.product-type.bundle.ui-testing";
		};
/* End PBXNativeTarget section */

/* Begin PBXProject section */
		37782EBF2E968ADD00D5C773 /* Project object */ = {
			isa = PBXProject;
			attributes = {
				BuildIndependentTargetsInParallel = 1;
				LastSwiftUpdateCheck = 2600;
				LastUpgradeCheck = 2600;
				TargetAttributes = {
					37782EC62E968ADD00D5C773 = {
						CreatedOnToolsVersion = 26.0.1;
					};
					37782ED32E968ADF00D5C773 = {
						CreatedOnToolsVersion = 26.0.1;
						TestTargetID = 37782EC62E968ADD00D5C773;
					};
					37782EDD2E968ADF00D5C773 = {
						CreatedOnToolsVersion = 26.0.1;
						TestTargetID = 37782EC62E968ADD00D5C773;
					};
				};
			};
			buildConfigurationList = 37782EC22E968ADD00D5C773 /* Build configuration list for PBXProject "3rd_hw_ParkJinsoo" */;
			developmentRegion = en;
			hasScannedForEncodings = 0;
			knownRegions = (
				en,
				Base,
			);
			mainGroup = 37782EBE2E968ADD00D5C773;
			minimizedProjectReferenceProxies = 1;
			preferredProjectObjectVersion = 77;
			productRefGroup = 37782EC82E968ADD00D5C773 /* Products */;
			projectDirPath = "";
			projectRoot = "";
			targets = (
				37782EC62E968ADD00D5C773 /* 3rd_hw_ParkJinsoo */,
				37782ED32E968ADF00D5C773 /* 3rd_hw_ParkJinsooTests */,
				37782EDD2E968ADF00D5C773 /* 3rd_hw_ParkJinsooUITests */,
			);
		};
/* End PBXProject section */

/* Begin PBXResourcesBuildPhase section */
		37782EC52E968ADD00D5C773 /* Resources */ = {
			isa = PBXResourcesBuildPhase;
			buildActionMask = 2147483647;
			files = (
			);
			runOnlyForDeploymentPostprocessing = 0;
		};
		37782ED22E968ADF00D5C773 /* Resources */ = {
			isa = PBXResourcesBuildPhase;
			buildActionMask = 2147483647;
			files = (
			);
			runOnlyForDeploymentPostprocessing = 0;
		};
		37782EDC2E968ADF00D5C773 /* Resources */ = {
			isa = PBXResourcesBuildPhase;
			buildActionMask = 2147483647;
			files = (
			);
			runOnlyForDeploymentPostprocessing = 0;
		};
/* End PBXResourcesBuildPhase section */

/* Begin PBXSourcesBuildPhase section */
		37782EC32E968ADD00D5C773 /* Sources */ = {
			isa = PBXSourcesBuildPhase;
			buildActionMask = 2147483647;
			files = (
			);
			runOnlyForDeploymentPostprocessing = 0;
		};
		37782ED02E968ADF00D5C773 /* Sources */ = {
			isa = PBXSourcesBuildPhase;
			buildActionMask = 2147483647;
			files = (
			);
			runOnlyForDeploymentPostprocessing = 0;
		};
		37782EDA2E968ADF00D5C773 /* Sources */ = {
			isa = PBXSourcesBuildPhase;
			buildActionMask = 2147483647;
			files = (
			);
			runOnlyForDeploymentPostprocessing = 0;
		};
/* End PBXSourcesBuildPhase section */

/* Begin PBXTargetDependency section */
		37782ED62E968ADF00D5C773 /* PBXTargetDependency */ = {
			isa = PBXTargetDependency;
			target = 37782EC62E968ADD00D5C773 /* 3rd_hw_ParkJinsoo */;
			targetProxy = 37782ED52E968ADF00D5C773 /* PBXContainerItemProxy */;
		};
		37782EE02E968ADF00D5C773 /* PBXTargetDependency */ = {
			isa = PBXTargetDependency;
			target = 37782EC62E968ADD00D5C773 /* 3rd_hw_ParkJinsoo */;
			targetProxy = 37782EDF2E968ADF00D5C773 /* PBXContainerItemProxy */;
		};
/* End PBXTargetDependency section */

/* Begin XCBuildConfiguration section */
		37782EE62E968ADF00D5C773 /* Debug */ = {
			isa = XCBuildConfiguration;
			buildSettings = {
				ALWAYS_SEARCH_USER_PATHS = NO;
				ASSETCATALOG_COMPILER_GENERATE_SWIFT_ASSET_SYMBOL_EXTENSIONS = YES;
				CLANG_ANALYZER_NONNULL = YES;
				CLANG_ANALYZER_NUMBER_OBJECT_CONVERSION = YES_AGGRESSIVE;
				CLANG_CXX_LANGUAGE_STANDARD = "gnu++20";
				CLANG_ENABLE_MODULES = YES;
				CLANG_ENABLE_OBJC_ARC = YES;
				CLANG_ENABLE_OBJC_WEAK = YES;
				CLANG_WARN_BLOCK_CAPTURE_AUTORELEASING = YES;
				CLANG_WARN_BOOL_CONVERSION = YES;
				CLANG_WARN_COMMA = YES;
				CLANG_WARN_CONSTANT_CONVERSION = YES;
				CLANG_WARN_DEPRECATED_OBJC_IMPLEMENTATIONS = YES;
				CLANG_WARN_DIRECT_OBJC_ISA_USAGE = YES_ERROR;
				CLANG_WARN_DOCUMENTATION_COMMENTS = YES;
				CLANG_WARN_EMPTY_BODY = YES;
				CLANG_WARN_ENUM_CONVERSION = YES;
				CLANG_WARN_INFINITE_RECURSION = YES;
				CLANG_WARN_INT_CONVERSION = YES;
				CLANG_WARN_NON_LITERAL_NULL_CONVERSION = YES;
				CLANG_WARN_OBJC_IMPLICIT_RETAIN_SELF = YES;
				CLANG_WARN_OBJC_LITERAL_CONVERSION = YES;
				CLANG_WARN_OBJC_ROOT_CLASS = YES_ERROR;
				CLANG_WARN_QUOTED_INCLUDE_IN_FRAMEWORK_HEADER = YES;
				CLANG_WARN_RANGE_LOOP_ANALYSIS = YES;
				CLANG_WARN_STRICT_PROTOTYPES = YES;
				CLANG_WARN_SUSPICIOUS_MOVE = YES;
				CLANG_WARN_UNGUARDED_AVAILABILITY = YES_AGGRESSIVE;
				CLANG_WARN_UNREACHABLE_CODE = YES;
				CLANG_WARN__DUPLICATE_METHOD_MATCH = YES;
				COPY_PHASE_STRIP = NO;
				DEBUG_INFORMATION_FORMAT = dwarf;
				DEVELOPMENT_TEAM = 56MQCL972R;
				ENABLE_STRICT_OBJC_MSGSEND = YES;
				ENABLE_TESTABILITY = YES;
				ENABLE_USER_SCRIPT_SANDBOXING = YES;
				GCC_C_LANGUAGE_STANDARD = gnu17;
				GCC_DYNAMIC_NO_PIC = NO;
				GCC_NO_COMMON_BLOCKS = YES;
				GCC_OPTIMIZATION_LEVEL = 0;
				GCC_PREPROCESSOR_DEFINITIONS = (
					"DEBUG=1",
					"$(inherited)",
				);
				GCC_WARN_64_TO_32_BIT_CONVERSION = YES;
				GCC_WARN_ABOUT_RETURN_TYPE = YES_ERROR;
				GCC_WARN_UNDECLARED_SELECTOR = YES;
				GCC_WARN_UNINITIALIZED_AUTOS = YES_AGGRESSIVE;
				GCC_WARN_UNUSED_FUNCTION = YES;
				GCC_WARN_UNUSED_VARIABLE = YES;
				IPHONEOS_DEPLOYMENT_TARGET = 26.0;
				LOCALIZATION_PREFERS_STRING_CATALOGS = YES;
				MTL_ENABLE_DEBUG_INFO = INCLUDE_SOURCE;
				MTL_FAST_MATH = YES;
				ONLY_ACTIVE_ARCH = YES;
				SDKROOT = iphoneos;
				SWIFT_ACTIVE_COMPILATION_CONDITIONS = "DEBUG $(inherited)";
				SWIFT_OPTIMIZATION_LEVEL = "-Onone";
			};
			name = Debug;
		};
		37782EE72E968ADF00D5C773 /* Release */ = {
			isa = XCBuildConfiguration;
			buildSettings = {
				ALWAYS_SEARCH_USER_PATHS = NO;
				ASSETCATALOG_COMPILER_GENERATE_SWIFT_ASSET_SYMBOL_EXTENSIONS = YES;
				CLANG_ANALYZER_NONNULL = YES;
				CLANG_ANALYZER_NUMBER_OBJECT_CONVERSION = YES_AGGRESSIVE;
				CLANG_CXX_LANGUAGE_STANDARD = "gnu++20";
				CLANG_ENABLE_MODULES = YES;
				CLANG_ENABLE_OBJC_ARC = YES;
				CLANG_ENABLE_OBJC_WEAK = YES;
				CLANG_WARN_BLOCK_CAPTURE_AUTORELEASING = YES;
				CLANG_WARN_BOOL_CONVERSION = YES;
				CLANG_WARN_COMMA = YES;
				CLANG_WARN_CONSTANT_CONVERSION = YES;
				CLANG_WARN_DEPRECATED_OBJC_IMPLEMENTATIONS = YES;
				CLANG_WARN_DIRECT_OBJC_ISA_USAGE = YES_ERROR;
				CLANG_WARN_DOCUMENTATION_COMMENTS = YES;
				CLANG_WARN_EMPTY_BODY = YES;
				CLANG_WARN_ENUM_CONVERSION = YES;
				CLANG_WARN_INFINITE_RECURSION = YES;
				CLANG_WARN_INT_CONVERSION = YES;
				CLANG_WARN_NON_LITERAL_NULL_CONVERSION = YES;
				CLANG_WARN_OBJC_IMPLICIT_RETAIN_SELF = YES;
				CLANG_WARN_OBJC_LITERAL_CONVERSION = YES;
				CLANG_WARN_OBJC_ROOT_CLASS = YES_ERROR;
				CLANG_WARN_QUOTED_INCLUDE_IN_FRAMEWORK_HEADER = YES;
				CLANG_WARN_RANGE_LOOP_ANALYSIS = YES;
				CLANG_WARN_STRICT_PROTOTYPES = YES;
				CLANG_WARN_SUSPICIOUS_MOVE = YES;
				CLANG_WARN_UNGUARDED_AVAILABILITY = YES_AGGRESSIVE;
				CLANG_WARN_UNREACHABLE_CODE = YES;
				CLANG_WARN__DUPLICATE_METHOD_MATCH = YES;
				COPY_PHASE_STRIP = NO;
				DEBUG_INFORMATION_FORMAT = "dwarf-with-dsym";
				DEVELOPMENT_TEAM = 56MQCL972R;
				ENABLE_NS_ASSERTIONS = NO;
				ENABLE_STRICT_OBJC_MSGSEND = YES;
				ENABLE_USER_SCRIPT_SANDBOXING = YES;
				GCC_C_LANGUAGE_STANDARD = gnu17;
				GCC_NO_COMMON_BLOCKS = YES;
				GCC_WARN_64_TO_32_BIT_CONVERSION = YES;
				GCC_WARN_ABOUT_RETURN_TYPE = YES_ERROR;
				GCC_WARN_UNDECLARED_SELECTOR = YES;
				GCC_WARN_UNINITIALIZED_AUTOS = YES_AGGRESSIVE;
				GCC_WARN_UNUSED_FUNCTION = YES;
				GCC_WARN_UNUSED_VARIABLE = YES;
				IPHONEOS_DEPLOYMENT_TARGET = 26.0;
				LOCALIZATION_PREFERS_STRING_CATALOGS = YES;
				MTL_ENABLE_DEBUG_INFO = NO;
				MTL_FAST_MATH = YES;
				SDKROOT = iphoneos;
				SWIFT_COMPILATION_MODE = wholemodule;
				VALIDATE_PRODUCT = YES;
			};
			name = Release;
		};
		37782EE92E968ADF00D5C773 /* Debug */ = {
			isa = XCBuildConfiguration;
			buildSettings = {
				ASSETCATALOG_COMPILER_APPICON_NAME = AppIcon;
				ASSETCATALOG_COMPILER_GLOBAL_ACCENT_COLOR_NAME = AccentColor;
				CODE_SIGN_STYLE = Automatic;
				CURRENT_PROJECT_VERSION = 1;
				DEVELOPMENT_TEAM = 56MQCL972R;
				ENABLE_PREVIEWS = YES;
				GENERATE_INFOPLIST_FILE = YES;
				INFOPLIST_KEY_UIApplicationSceneManifest_Generation = YES;
				INFOPLIST_KEY_UIApplicationSupportsIndirectInputEvents = YES;
				INFOPLIST_KEY_UILaunchScreen_Generation = YES;
				INFOPLIST_KEY_UISupportedInterfaceOrientations_iPad = "UIInterfaceOrientationPortrait UIInterfaceOrientationPortraitUpsideDown UIInterfaceOrientationLandscapeLeft UIInterfaceOrientationLandscapeRight";
				INFOPLIST_KEY_UISupportedInterfaceOrientations_iPhone = "UIInterfaceOrientationPortrait UIInterfaceOrientationLandscapeLeft UIInterfaceOrientationLandscapeRight";
				LD_RUNPATH_SEARCH_PATHS = (
					"$(inherited)",
					"@executable_path/Frameworks",
				);
				MARKETING_VERSION = 1.0;
				PRODUCT_BUNDLE_IDENTIFIER = "com.jinsoopark.-rd-hw-ParkJinsoo";
				PRODUCT_NAME = "$(TARGET_NAME)";
				STRING_CATALOG_GENERATE_SYMBOLS = YES;
				SWIFT_APPROACHABLE_CONCURRENCY = YES;
				SWIFT_DEFAULT_ACTOR_ISOLATION = MainActor;
				SWIFT_EMIT_LOC_STRINGS = YES;
				SWIFT_UPCOMING_FEATURE_MEMBER_IMPORT_VISIBILITY = YES;
				SWIFT_VERSION = 5.0;
				TARGETED_DEVICE_FAMILY = "1,2";
			};
			name = Debug;
		};
		37782EEA2E968ADF00D5C773 /* Release */ = {
			isa = XCBuildConfiguration;
			buildSettings = {
				ASSETCATALOG_COMPILER_APPICON_NAME = AppIcon;
				ASSETCATALOG_COMPILER_GLOBAL_ACCENT_COLOR_NAME = AccentColor;
				CODE_SIGN_STYLE = Automatic;
				CURRENT_PROJECT_VERSION = 1;
				DEVELOPMENT_TEAM = 56MQCL972R;
				ENABLE_PREVIEWS = YES;
				GENERATE_INFOPLIST_FILE = YES;
				INFOPLIST_KEY_UIApplicationSceneManifest_Generation = YES;
				INFOPLIST_KEY_UIApplicationSupportsIndirectInputEvents = YES;
				INFOPLIST_KEY_UILaunchScreen_Generation = YES;
				INFOPLIST_KEY_UISupportedInterfaceOrientations_iPad = "UIInterfaceOrientationPortrait UIInterfaceOrientationPortraitUpsideDown UIInterfaceOrientationLandscapeLeft UIInterfaceOrientationLandscapeRight";
				INFOPLIST_KEY_UISupportedInterfaceOrientations_iPhone = "UIInterfaceOrientationPortrait UIInterfaceOrientationLandscapeLeft UIInterfaceOrientationLandscapeRight";
				LD_RUNPATH_SEARCH_PATHS = (
					"$(inherited)",
					"@executable_path/Frameworks",
				);
				MARKETING_VERSION = 1.0;
				PRODUCT_BUNDLE_IDENTIFIER = "com.jinsoopark.-rd-hw-ParkJinsoo";
				PRODUCT_NAME = "$(TARGET_NAME)";
				STRING_CATALOG_GENERATE_SYMBOLS = YES;
				SWIFT_APPROACHABLE_CONCURRENCY = YES;
				SWIFT_DEFAULT_ACTOR_ISOLATION = MainActor;
				SWIFT_EMIT_LOC_STRINGS = YES;
				SWIFT_UPCOMING_FEATURE_MEMBER_IMPORT_VISIBILITY = YES;
				SWIFT_VERSION = 5.0;
				TARGETED_DEVICE_FAMILY = "1,2";
			};
			name = Release;
		};
		37782EEC2E968ADF00D5C773 /* Debug */ = {
			isa = XCBuildConfiguration;
			buildSettings = {
				BUNDLE_LOADER = "$(TEST_HOST)";
				CODE_SIGN_STYLE = Automatic;
				CURRENT_PROJECT_VERSION = 1;
				DEVELOPMENT_TEAM = 56MQCL972R;
				GENERATE_INFOPLIST_FILE = YES;
				IPHONEOS_DEPLOYMENT_TARGET = 26.0;
				MARKETING_VERSION = 1.0;
				PRODUCT_BUNDLE_IDENTIFIER = "com.jinsoopark.-rd-hw-ParkJinsooTests";
				PRODUCT_NAME = "$(TARGET_NAME)";
				STRING_CATALOG_GENERATE_SYMBOLS = NO;
				SWIFT_APPROACHABLE_CONCURRENCY = YES;
				SWIFT_EMIT_LOC_STRINGS = NO;
				SWIFT_UPCOMING_FEATURE_MEMBER_IMPORT_VISIBILITY = YES;
				SWIFT_VERSION = 5.0;
				TARGETED_DEVICE_FAMILY = "1,2";
				TEST_HOST = "$(BUILT_PRODUCTS_DIR)/3rd_hw_ParkJinsoo.app/$(BUNDLE_EXECUTABLE_FOLDER_PATH)/3rd_hw_ParkJinsoo";
			};
			name = Debug;
		};
		37782EED2E968ADF00D5C773 /* Release */ = {
			isa = XCBuildConfiguration;
			buildSettings = {
				BUNDLE_LOADER = "$(TEST_HOST)";
				CODE_SIGN_STYLE = Automatic;
				CURRENT_PROJECT_VERSION = 1;
				DEVELOPMENT_TEAM = 56MQCL972R;
				GENERATE_INFOPLIST_FILE = YES;
				IPHONEOS_DEPLOYMENT_TARGET = 26.0;
				MARKETING_VERSION = 1.0;
				PRODUCT_BUNDLE_IDENTIFIER = "com.jinsoopark.-rd-hw-ParkJinsooTests";
				PRODUCT_NAME = "$(TARGET_NAME)";
				STRING_CATALOG_GENERATE_SYMBOLS = NO;
				SWIFT_APPROACHABLE_CONCURRENCY = YES;
				SWIFT_EMIT_LOC_STRINGS = NO;
				SWIFT_UPCOMING_FEATURE_MEMBER_IMPORT_VISIBILITY = YES;
				SWIFT_VERSION = 5.0;
				TARGETED_DEVICE_FAMILY = "1,2";
				TEST_HOST = "$(BUILT_PRODUCTS_DIR)/3rd_hw_ParkJinsoo.app/$(BUNDLE_EXECUTABLE_FOLDER_PATH)/3rd_hw_ParkJinsoo";
			};
			name = Release;
		};
		37782EEF2E968ADF00D5C773 /* Debug */ = {
			isa = XCBuildConfiguration;
			buildSettings = {
				CODE_SIGN_STYLE = Automatic;
				CURRENT_PROJECT_VERSION = 1;
				DEVELOPMENT_TEAM = 56MQCL972R;
				GENERATE_INFOPLIST_FILE = YES;
				MARKETING_VERSION = 1.0;
				PRODUCT_BUNDLE_IDENTIFIER = "com.jinsoopark.-rd-hw-ParkJinsooUITests";
				PRODUCT_NAME = "$(TARGET_NAME)";
				STRING_CATALOG_GENERATE_SYMBOLS = NO;
				SWIFT_APPROACHABLE_CONCURRENCY = YES;
				SWIFT_EMIT_LOC_STRINGS = NO;
				SWIFT_UPCOMING_FEATURE_MEMBER_IMPORT_VISIBILITY = YES;
				SWIFT_VERSION = 5.0;
				TARGETED_DEVICE_FAMILY = "1,2";
				TEST_TARGET_NAME = 3rd_hw_ParkJinsoo;
			};
			name = Debug;
		};
		37782EF02E968ADF00D5C773 /* Release */ = {
			isa = XCBuildConfiguration;
			buildSettings = {
				CODE_SIGN_STYLE = Automatic;
				CURRENT_PROJECT_VERSION = 1;
				DEVELOPMENT_TEAM = 56MQCL972R;
				GENERATE_INFOPLIST_FILE = YES;
				MARKETING_VERSION = 1.0;
				PRODUCT_BUNDLE_IDENTIFIER = "com.jinsoopark.-rd-hw-ParkJinsooUITests";
				PRODUCT_NAME = "$(TARGET_NAME)";
				STRING_CATALOG_GENERATE_SYMBOLS = NO;
				SWIFT_APPROACHABLE_CONCURRENCY = YES;
				SWIFT_EMIT_LOC_STRINGS = NO;
				SWIFT_UPCOMING_FEATURE_MEMBER_IMPORT_VISIBILITY = YES;
				SWIFT_VERSION = 5.0;
				TARGETED_DEVICE_FAMILY = "1,2";
				TEST_TARGET_NAME = 3rd_hw_ParkJinsoo;
			};
			name = Release;
		};
/* End XCBuildConfiguration section */

/* Begin XCConfigurationList section */
		37782EC22E968ADD00D5C773 /* Build configuration list for PBXProject "3rd_hw_ParkJinsoo" */ = {
			isa = XCConfigurationList;
			buildConfigurations = (
				37782EE62E968ADF00D5C773 /* Debug */,
				37782EE72E968ADF00D5C773 /* Release */,
			);
			defaultConfigurationIsVisible = 0;
			defaultConfigurationName = Release;
		};
		37782EE82E968ADF00D5C773 /* Build configuration list for PBXNativeTarget "3rd_hw_ParkJinsoo" */ = {
			isa = XCConfigurationList;
			buildConfigurations = (
				37782EE92E968ADF00D5C773 /* Debug */,
				37782EEA2E968ADF00D5C773 /* Release */,
			);
			defaultConfigurationIsVisible = 0;
			defaultConfigurationName = Release;
		};
		37782EEB2E968ADF00D5C773 /* Build configuration list for PBXNativeTarget "3rd_hw_ParkJinsooTests" */ = {
			isa = XCConfigurationList;
			buildConfigurations = (
				37782EEC2E968ADF00D5C773 /* Debug */,
				37782EED2E968ADF00D5C773 /* Release */,
			);
			defaultConfigurationIsVisible = 0;
			defaultConfigurationName = Release;
		};
		37782EEE2E968ADF00D5C773 /* Build configuration list for PBXNativeTarget "3rd_hw_ParkJinsooUITests" */ = {
			isa = XCConfigurationList;
			buildConfigurations = (
				37782EEF2E968ADF00D5C773 /* Debug */,
				37782EF02E968ADF00D5C773 /* Release */,
			);
			defaultConfigurationIsVisible = 0;
			defaultConfigurationName = Release;
		};
/* End XCConfigurationList section */
	};
	rootObject = 37782EBF2E968ADD00D5C773 /* Project object */;
}
