// !$*UTF8*$!
{
	archiveVersion = 1;
	classes = {
	};
	objectVersion = 77;
	objects = {

/* Begin PBXContainerItemProxy section */
		377B0CA02E7C59340022A5AB /* PBXContainerItemProxy */ = {
			isa = PBXContainerItemProxy;
			containerPortal = 377B0C8A2E7C59300022A5AB /* Project object */;
			proxyType = 1;
			remoteGlobalIDString = 377B0C912E7C59300022A5AB;
			remoteInfo = 1st_hw_ParkJinsoo;
		};
		377B0CAA2E7C59340022A5AB /* PBXContainerItemProxy */ = {
			isa = PBXContainerItemProxy;
			containerPortal = 377B0C8A2E7C59300022A5AB /* Project object */;
			proxyType = 1;
			remoteGlobalIDString = 377B0C912E7C59300022A5AB;
			remoteInfo = 1st_hw_ParkJinsoo;
		};
/* End PBXContainerItemProxy section */

/* Begin PBXFileReference section */
		377B0C922E7C59300022A5AB /* 1st_hw_ParkJinsoo.app */ = {isa = PBXFileReference; explicitFileType = wrapper.application; includeInIndex = 0; path = 1st_hw_ParkJinsoo.app; sourceTree = BUILT_PRODUCTS_DIR; };
		377B0C9F2E7C59340022A5AB /* 1st_hw_ParkJinsooTests.xctest */ = {isa = PBXFileReference; explicitFileType = wrapper.cfbundle; includeInIndex = 0; path = 1st_hw_ParkJinsooTests.xctest; sourceTree = BUILT_PRODUCTS_DIR; };
		377B0CA92E7C59340022A5AB /* 1st_hw_ParkJinsooUITests.xctest */ = {isa = PBXFileReference; explicitFileType = wrapper.cfbundle; includeInIndex = 0; path = 1st_hw_ParkJinsooUITests.xctest; sourceTree = BUILT_PRODUCTS_DIR; };
/* End PBXFileReference section */

/* Begin PBXFileSystemSynchronizedRootGroup section */
		377B0C942E7C59300022A5AB /* 1st_hw_ParkJinsoo */ = {
			isa = PBXFileSystemSynchronizedRootGroup;
			path = 1st_hw_ParkJinsoo;
			sourceTree = "<group>";
		};
		377B0CA22E7C59340022A5AB /* 1st_hw_ParkJinsooTests */ = {
			isa = PBXFileSystemSynchronizedRootGroup;
			path = 1st_hw_ParkJinsooTests;
			sourceTree = "<group>";
		};
		377B0CAC2E7C59340022A5AB /* 1st_hw_ParkJinsooUITests */ = {
			isa = PBXFileSystemSynchronizedRootGroup;
			path = 1st_hw_ParkJinsooUITests;
			sourceTree = "<group>";
		};
/* End PBXFileSystemSynchronizedRootGroup section */

/* Begin PBXFrameworksBuildPhase section */
		377B0C8F2E7C59300022A5AB /* Frameworks */ = {
			isa = PBXFrameworksBuildPhase;
			buildActionMask = 2147483647;
			files = (
			);
			runOnlyForDeploymentPostprocessing = 0;
		};
		377B0C9C2E7C59340022A5AB /* Frameworks */ = {
			isa = PBXFrameworksBuildPhase;
			buildActionMask = 2147483647;
			files = (
			);
			runOnlyForDeploymentPostprocessing = 0;
		};
		377B0CA62E7C59340022A5AB /* Frameworks */ = {
			isa = PBXFrameworksBuildPhase;
			buildActionMask = 2147483647;
			files = (
			);
			runOnlyForDeploymentPostprocessing = 0;
		};
/* End PBXFrameworksBuildPhase section */

/* Begin PBXGroup section */
		377B0C892E7C59300022A5AB = {
			isa = PBXGroup;
			children = (
				377B0C942E7C59300022A5AB /* 1st_hw_ParkJinsoo */,
				377B0CA22E7C59340022A5AB /* 1st_hw_ParkJinsooTests */,
				377B0CAC2E7C59340022A5AB /* 1st_hw_ParkJinsooUITests */,
				377B0C932E7C59300022A5AB /* Products */,
			);
			sourceTree = "<group>";
		};
		377B0C932E7C59300022A5AB /* Products */ = {
			isa = PBXGroup;
			children = (
				377B0C922E7C59300022A5AB /* 1st_hw_ParkJinsoo.app */,
				377B0C9F2E7C59340022A5AB /* 1st_hw_ParkJinsooTests.xctest */,
				377B0CA92E7C59340022A5AB /* 1st_hw_ParkJinsooUITests.xctest */,
			);
			name = Products;
			sourceTree = "<group>";
		};
/* End PBXGroup section */

/* Begin PBXNativeTarget section */
		377B0C912E7C59300022A5AB /* 1st_hw_ParkJinsoo */ = {
			isa = PBXNativeTarget;
			buildConfigurationList = 377B0CB32E7C59340022A5AB /* Build configuration list for PBXNativeTarget "1st_hw_ParkJinsoo" */;
			buildPhases = (
				377B0C8E2E7C59300022A5AB /* Sources */,
				377B0C8F2E7C59300022A5AB /* Frameworks */,
				377B0C902E7C59300022A5AB /* Resources */,
			);
			buildRules = (
			);
			dependencies = (
			);
			fileSystemSynchronizedGroups = (
				377B0C942E7C59300022A5AB /* 1st_hw_ParkJinsoo */,
			);
			name = 1st_hw_ParkJinsoo;
			packageProductDependencies = (
			);
			productName = 1st_hw_ParkJinsoo;
			productReference = 377B0C922E7C59300022A5AB /* 1st_hw_ParkJinsoo.app */;
			productType = "com.apple.product-type.application";
		};
		377B0C9E2E7C59340022A5AB /* 1st_hw_ParkJinsooTests */ = {
			isa = PBXNativeTarget;
			buildConfigurationList = 377B0CB62E7C59340022A5AB /* Build configuration list for PBXNativeTarget "1st_hw_ParkJinsooTests" */;
			buildPhases = (
				377B0C9B2E7C59340022A5AB /* Sources */,
				377B0C9C2E7C59340022A5AB /* Frameworks */,
				377B0C9D2E7C59340022A5AB /* Resources */,
			);
			buildRules = (
			);
			dependencies = (
				377B0CA12E7C59340022A5AB /* PBXTargetDependency */,
			);
			fileSystemSynchronizedGroups = (
				377B0CA22E7C59340022A5AB /* 1st_hw_ParkJinsooTests */,
			);
			name = 1st_hw_ParkJinsooTests;
			packageProductDependencies = (
			);
			productName = 1st_hw_ParkJinsooTests;
			productReference = 377B0C9F2E7C59340022A5AB /* 1st_hw_ParkJinsooTests.xctest */;
			productType = "com.apple.product-type.bundle.unit-test";
		};
		377B0CA82E7C59340022A5AB /* 1st_hw_ParkJinsooUITests */ = {
			isa = PBXNativeTarget;
			buildConfigurationList = 377B0CB92E7C59340022A5AB /* Build configuration list for PBXNativeTarget "1st_hw_ParkJinsooUITests" */;
			buildPhases = (
				377B0CA52E7C59340022A5AB /* Sources */,
				377B0CA62E7C59340022A5AB /* Frameworks */,
				377B0CA72E7C59340022A5AB /* Resources */,
			);
			buildRules = (
			);
			dependencies = (
				377B0CAB2E7C59340022A5AB /* PBXTargetDependency */,
			);
			fileSystemSynchronizedGroups = (
				377B0CAC2E7C59340022A5AB /* 1st_hw_ParkJinsooUITests */,
			);
			name = 1st_hw_ParkJinsooUITests;
			packageProductDependencies = (
			);
			productName = 1st_hw_ParkJinsooUITests;
			productReference = 377B0CA92E7C59340022A5AB /* 1st_hw_ParkJinsooUITests.xctest */;
			productType = "com.apple.product-type.bundle.ui-testing";
		};
/* End PBXNativeTarget section */

/* Begin PBXProject section */
		377B0C8A2E7C59300022A5AB /* Project object */ = {
			isa = PBXProject;
			attributes = {
				BuildIndependentTargetsInParallel = 1;
				LastSwiftUpdateCheck = 1640;
				LastUpgradeCheck = 1640;
				TargetAttributes = {
					377B0C912E7C59300022A5AB = {
						CreatedOnToolsVersion = 16.4;
					};
					377B0C9E2E7C59340022A5AB = {
						CreatedOnToolsVersion = 16.4;
						TestTargetID = 377B0C912E7C59300022A5AB;
					};
					377B0CA82E7C59340022A5AB = {
						CreatedOnToolsVersion = 16.4;
						TestTargetID = 377B0C912E7C59300022A5AB;
					};
				};
			};
			buildConfigurationList = 377B0C8D2E7C59300022A5AB /* Build configuration list for PBXProject "1st_hw_ParkJinsoo" */;
			developmentRegion = en;
			hasScannedForEncodings = 0;
			knownRegions = (
				en,
				Base,
			);
			mainGroup = 377B0C892E7C59300022A5AB;
			minimizedProjectReferenceProxies = 1;
			preferredProjectObjectVersion = 77;
			productRefGroup = 377B0C932E7C59300022A5AB /* Products */;
			projectDirPath = "";
			projectRoot = "";
			targets = (
				377B0C912E7C59300022A5AB /* 1st_hw_ParkJinsoo */,
				377B0C9E2E7C59340022A5AB /* 1st_hw_ParkJinsooTests */,
				377B0CA82E7C59340022A5AB /* 1st_hw_ParkJinsooUITests */,
			);
		};
/* End PBXProject section */

/* Begin PBXResourcesBuildPhase section */
		377B0C902E7C59300022A5AB /* Resources */ = {
			isa = PBXResourcesBuildPhase;
			buildActionMask = 2147483647;
			files = (
			);
			runOnlyForDeploymentPostprocessing = 0;
		};
		377B0C9D2E7C59340022A5AB /* Resources */ = {
			isa = PBXResourcesBuildPhase;
			buildActionMask = 2147483647;
			files = (
			);
			runOnlyForDeploymentPostprocessing = 0;
		};
		377B0CA72E7C59340022A5AB /* Resources */ = {
			isa = PBXResourcesBuildPhase;
			buildActionMask = 2147483647;
			files = (
			);
			runOnlyForDeploymentPostprocessing = 0;
		};
/* End PBXResourcesBuildPhase section */

/* Begin PBXSourcesBuildPhase section */
		377B0C8E2E7C59300022A5AB /* Sources */ = {
			isa = PBXSourcesBuildPhase;
			buildActionMask = 2147483647;
			files = (
			);
			runOnlyForDeploymentPostprocessing = 0;
		};
		377B0C9B2E7C59340022A5AB /* Sources */ = {
			isa = PBXSourcesBuildPhase;
			buildActionMask = 2147483647;
			files = (
			);
			runOnlyForDeploymentPostprocessing = 0;
		};
		377B0CA52E7C59340022A5AB /* Sources */ = {
			isa = PBXSourcesBuildPhase;
			buildActionMask = 2147483647;
			files = (
			);
			runOnlyForDeploymentPostprocessing = 0;
		};
/* End PBXSourcesBuildPhase section */

/* Begin PBXTargetDependency section */
		377B0CA12E7C59340022A5AB /* PBXTargetDependency */ = {
			isa = PBXTargetDependency;
			target = 377B0C912E7C59300022A5AB /* 1st_hw_ParkJinsoo */;
			targetProxy = 377B0CA02E7C59340022A5AB /* PBXContainerItemProxy */;
		};
		377B0CAB2E7C59340022A5AB /* PBXTargetDependency */ = {
			isa = PBXTargetDependency;
			target = 377B0C912E7C59300022A5AB /* 1st_hw_ParkJinsoo */;
			targetProxy = 377B0CAA2E7C59340022A5AB /* PBXContainerItemProxy */;
		};
/* End PBXTargetDependency section */

/* Begin XCBuildConfiguration section */
		377B0CB12E7C59340022A5AB /* Debug */ = {
			isa = XCBuildConfiguration;
			buildSettings = {
				ALWAYS_SEARCH_USER_PATHS = NO;
				ASSETCATALOG_COMPILER_GENERATE_SWIFT_ASSET_SYMBOL_EXTENSIONS = YES;
				CLANG_ANALYZER_NONNULL = YES;
				CLANG_ANALYZER_NUMBER_OBJECT_CONVERSION = YES_AGGRESSIVE;
				CLANG_CXX_LANGUAGE_STANDARD = "gnu++20";
				CLANG_ENABLE_MODULES = YES;
				CLANG_ENABLE_OBJC_ARC = YES;
				CLANG_ENABLE_OBJC_WEAK = YES;
				CLANG_WARN_BLOCK_CAPTURE_AUTORELEASING = YES;
				CLANG_WARN_BOOL_CONVERSION = YES;
				CLANG_WARN_COMMA = YES;
				CLANG_WARN_CONSTANT_CONVERSION = YES;
				CLANG_WARN_DEPRECATED_OBJC_IMPLEMENTATIONS = YES;
				CLANG_WARN_DIRECT_OBJC_ISA_USAGE = YES_ERROR;
				CLANG_WARN_DOCUMENTATION_COMMENTS = YES;
				CLANG_WARN_EMPTY_BODY = YES;
				CLANG_WARN_ENUM_CONVERSION = YES;
				CLANG_WARN_INFINITE_RECURSION = YES;
				CLANG_WARN_INT_CONVERSION = YES;
				CLANG_WARN_NON_LITERAL_NULL_CONVERSION = YES;
				CLANG_WARN_OBJC_IMPLICIT_RETAIN_SELF = YES;
				CLANG_WARN_OBJC_LITERAL_CONVERSION = YES;
				CLANG_WARN_OBJC_ROOT_CLASS = YES_ERROR;
				CLANG_WARN_QUOTED_INCLUDE_IN_FRAMEWORK_HEADER = YES;
				CLANG_WARN_RANGE_LOOP_ANALYSIS = YES;
				CLANG_WARN_STRICT_PROTOTYPES = YES;
				CLANG_WARN_SUSPICIOUS_MOVE = YES;
				CLANG_WARN_UNGUARDED_AVAILABILITY = YES_AGGRESSIVE;
				CLANG_WARN_UNREACHABLE_CODE = YES;
				CLANG_WARN__DUPLICATE_METHOD_MATCH = YES;
				COPY_PHASE_STRIP = NO;
				DEBUG_INFORMATION_FORMAT = dwarf;
				DEVELOPMENT_TEAM = 56MQCL972R;
				ENABLE_STRICT_OBJC_MSGSEND = YES;
				ENABLE_TESTABILITY = YES;
				ENABLE_USER_SCRIPT_SANDBOXING = YES;
				GCC_C_LANGUAGE_STANDARD = gnu17;
				GCC_DYNAMIC_NO_PIC = NO;
				GCC_NO_COMMON_BLOCKS = YES;
				GCC_OPTIMIZATION_LEVEL = 0;
				GCC_PREPROCESSOR_DEFINITIONS = (
					"DEBUG=1",
					"$(inherited)",
				);
				GCC_WARN_64_TO_32_BIT_CONVERSION = YES;
				GCC_WARN_ABOUT_RETURN_TYPE = YES_ERROR;
				GCC_WARN_UNDECLARED_SELECTOR = YES;
				GCC_WARN_UNINITIALIZED_AUTOS = YES_AGGRESSIVE;
				GCC_WARN_UNUSED_FUNCTION = YES;
				GCC_WARN_UNUSED_VARIABLE = YES;
				IPHONEOS_DEPLOYMENT_TARGET = 18.5;
				LOCALIZATION_PREFERS_STRING_CATALOGS = YES;
				MTL_ENABLE_DEBUG_INFO = INCLUDE_SOURCE;
				MTL_FAST_MATH = YES;
				ONLY_ACTIVE_ARCH = YES;
				SDKROOT = iphoneos;
				SWIFT_ACTIVE_COMPILATION_CONDITIONS = "DEBUG $(inherited)";
				SWIFT_OPTIMIZATION_LEVEL = "-Onone";
			};
			name = Debug;
		};
		377B0CB22E7C59340022A5AB /* Release */ = {
			isa = XCBuildConfiguration;
			buildSettings = {
				ALWAYS_SEARCH_USER_PATHS = NO;
				ASSETCATALOG_COMPILER_GENERATE_SWIFT_ASSET_SYMBOL_EXTENSIONS = YES;
				CLANG_ANALYZER_NONNULL = YES;
				CLANG_ANALYZER_NUMBER_OBJECT_CONVERSION = YES_AGGRESSIVE;
				CLANG_CXX_LANGUAGE_STANDARD = "gnu++20";
				CLANG_ENABLE_MODULES = YES;
				CLANG_ENABLE_OBJC_ARC = YES;
				CLANG_ENABLE_OBJC_WEAK = YES;
				CLANG_WARN_BLOCK_CAPTURE_AUTORELEASING = YES;
				CLANG_WARN_BOOL_CONVERSION = YES;
				CLANG_WARN_COMMA = YES;
				CLANG_WARN_CONSTANT_CONVERSION = YES;
				CLANG_WARN_DEPRECATED_OBJC_IMPLEMENTATIONS = YES;
				CLANG_WARN_DIRECT_OBJC_ISA_USAGE = YES_ERROR;
				CLANG_WARN_DOCUMENTATION_COMMENTS = YES;
				CLANG_WARN_EMPTY_BODY = YES;
				CLANG_WARN_ENUM_CONVERSION = YES;
				CLANG_WARN_INFINITE_RECURSION = YES;
				CLANG_WARN_INT_CONVERSION = YES;
				CLANG_WARN_NON_LITERAL_NULL_CONVERSION = YES;
				CLANG_WARN_OBJC_IMPLICIT_RETAIN_SELF = YES;
				CLANG_WARN_OBJC_LITERAL_CONVERSION = YES;
				CLANG_WARN_OBJC_ROOT_CLASS = YES_ERROR;
				CLANG_WARN_QUOTED_INCLUDE_IN_FRAMEWORK_HEADER = YES;
				CLANG_WARN_RANGE_LOOP_ANALYSIS = YES;
				CLANG_WARN_STRICT_PROTOTYPES = YES;
				CLANG_WARN_SUSPICIOUS_MOVE = YES;
				CLANG_WARN_UNGUARDED_AVAILABILITY = YES_AGGRESSIVE;
				CLANG_WARN_UNREACHABLE_CODE = YES;
				CLANG_WARN__DUPLICATE_METHOD_MATCH = YES;
				COPY_PHASE_STRIP = NO;
				DEBUG_INFORMATION_FORMAT = "dwarf-with-dsym";
				DEVELOPMENT_TEAM = 56MQCL972R;
				ENABLE_NS_ASSERTIONS = NO;
				ENABLE_STRICT_OBJC_MSGSEND = YES;
				ENABLE_USER_SCRIPT_SANDBOXING = YES;
				GCC_C_LANGUAGE_STANDARD = gnu17;
				GCC_NO_COMMON_BLOCKS = YES;
				GCC_WARN_64_TO_32_BIT_CONVERSION = YES;
				GCC_WARN_ABOUT_RETURN_TYPE = YES_ERROR;
				GCC_WARN_UNDECLARED_SELECTOR = YES;
				GCC_WARN_UNINITIALIZED_AUTOS = YES_AGGRESSIVE;
				GCC_WARN_UNUSED_FUNCTION = YES;
				GCC_WARN_UNUSED_VARIABLE = YES;
				IPHONEOS_DEPLOYMENT_TARGET = 18.5;
				LOCALIZATION_PREFERS_STRING_CATALOGS = YES;
				MTL_ENABLE_DEBUG_INFO = NO;
				MTL_FAST_MATH = YES;
				SDKROOT = iphoneos;
				SWIFT_COMPILATION_MODE = wholemodule;
				VALIDATE_PRODUCT = YES;
			};
			name = Release;
		};
		377B0CB42E7C59340022A5AB /* Debug */ = {
			isa = XCBuildConfiguration;
			buildSettings = {
				ASSETCATALOG_COMPILER_APPICON_NAME = AppIcon;
				ASSETCATALOG_COMPILER_GLOBAL_ACCENT_COLOR_NAME = AccentColor;
				CODE_SIGN_STYLE = Automatic;
				CURRENT_PROJECT_VERSION = 1;
				DEVELOPMENT_TEAM = 56MQCL972R;
				ENABLE_PREVIEWS = YES;
				GENERATE_INFOPLIST_FILE = YES;
				INFOPLIST_KEY_UIApplicationSceneManifest_Generation = YES;
				INFOPLIST_KEY_UIApplicationSupportsIndirectInputEvents = YES;
				INFOPLIST_KEY_UILaunchScreen_Generation = YES;
				INFOPLIST_KEY_UISupportedInterfaceOrientations_iPad = "UIInterfaceOrientationPortrait UIInterfaceOrientationPortraitUpsideDown UIInterfaceOrientationLandscapeLeft UIInterfaceOrientationLandscapeRight";
				INFOPLIST_KEY_UISupportedInterfaceOrientations_iPhone = "UIInterfaceOrientationPortrait UIInterfaceOrientationLandscapeLeft UIInterfaceOrientationLandscapeRight";
				LD_RUNPATH_SEARCH_PATHS = (
					"$(inherited)",
					"@executable_path/Frameworks",
				);
				MARKETING_VERSION = 1.0;
				PRODUCT_BUNDLE_IDENTIFIER = "com.jinsoopark.-st-hw-ParkJinsoo";
				PRODUCT_NAME = "$(TARGET_NAME)";
				SWIFT_EMIT_LOC_STRINGS = YES;
				SWIFT_VERSION = 5.0;
				TARGETED_DEVICE_FAMILY = "1,2";
			};
			name = Debug;
		};
		377B0CB52E7C59340022A5AB /* Release */ = {
			isa = XCBuildConfiguration;
			buildSettings = {
				ASSETCATALOG_COMPILER_APPICON_NAME = AppIcon;
				ASSETCATALOG_COMPILER_GLOBAL_ACCENT_COLOR_NAME = AccentColor;
				CODE_SIGN_STYLE = Automatic;
				CURRENT_PROJECT_VERSION = 1;
				DEVELOPMENT_TEAM = 56MQCL972R;
				ENABLE_PREVIEWS = YES;
				GENERATE_INFOPLIST_FILE = YES;
				INFOPLIST_KEY_UIApplicationSceneManifest_Generation = YES;
				INFOPLIST_KEY_UIApplicationSupportsIndirectInputEvents = YES;
				INFOPLIST_KEY_UILaunchScreen_Generation = YES;
				INFOPLIST_KEY_UISupportedInterfaceOrientations_iPad = "UIInterfaceOrientationPortrait UIInterfaceOrientationPortraitUpsideDown UIInterfaceOrientationLandscapeLeft UIInterfaceOrientationLandscapeRight";
				INFOPLIST_KEY_UISupportedInterfaceOrientations_iPhone = "UIInterfaceOrientationPortrait UIInterfaceOrientationLandscapeLeft UIInterfaceOrientationLandscapeRight";
				LD_RUNPATH_SEARCH_PATHS = (
					"$(inherited)",
					"@executable_path/Frameworks",
				);
				MARKETING_VERSION = 1.0;
				PRODUCT_BUNDLE_IDENTIFIER = "com.jinsoopark.-st-hw-ParkJinsoo";
				PRODUCT_NAME = "$(TARGET_NAME)";
				SWIFT_EMIT_LOC_STRINGS = YES;
				SWIFT_VERSION = 5.0;
				TARGETED_DEVICE_FAMILY = "1,2";
			};
			name = Release;
		};
		377B0CB72E7C59340022A5AB /* Debug */ = {
			isa = XCBuildConfiguration;
			buildSettings = {
				BUNDLE_LOADER = "$(TEST_HOST)";
				CODE_SIGN_STYLE = Automatic;
				CURRENT_PROJECT_VERSION = 1;
				DEVELOPMENT_TEAM = 56MQCL972R;
				GENERATE_INFOPLIST_FILE = YES;
				IPHONEOS_DEPLOYMENT_TARGET = 18.5;
				MARKETING_VERSION = 1.0;
				PRODUCT_BUNDLE_IDENTIFIER = "com.jinsoopark.-st-hw-ParkJinsooTests";
				PRODUCT_NAME = "$(TARGET_NAME)";
				SWIFT_EMIT_LOC_STRINGS = NO;
				SWIFT_VERSION = 5.0;
				TARGETED_DEVICE_FAMILY = "1,2";
				TEST_HOST = "$(BUILT_PRODUCTS_DIR)/1st_hw_ParkJinsoo.app/$(BUNDLE_EXECUTABLE_FOLDER_PATH)/1st_hw_ParkJinsoo";
			};
			name = Debug;
		};
		377B0CB82E7C59340022A5AB /* Release */ = {
			isa = XCBuildConfiguration;
			buildSettings = {
				BUNDLE_LOADER = "$(TEST_HOST)";
				CODE_SIGN_STYLE = Automatic;
				CURRENT_PROJECT_VERSION = 1;
				DEVELOPMENT_TEAM = 56MQCL972R;
				GENERATE_INFOPLIST_FILE = YES;
				IPHONEOS_DEPLOYMENT_TARGET = 18.5;
				MARKETING_VERSION = 1.0;
				PRODUCT_BUNDLE_IDENTIFIER = "com.jinsoopark.-st-hw-ParkJinsooTests";
				PRODUCT_NAME = "$(TARGET_NAME)";
				SWIFT_EMIT_LOC_STRINGS = NO;
				SWIFT_VERSION = 5.0;
				TARGETED_DEVICE_FAMILY = "1,2";
				TEST_HOST = "$(BUILT_PRODUCTS_DIR)/1st_hw_ParkJinsoo.app/$(BUNDLE_EXECUTABLE_FOLDER_PATH)/1st_hw_ParkJinsoo";
			};
			name = Release;
		};
		377B0CBA2E7C59340022A5AB /* Debug */ = {
			isa = XCBuildConfiguration;
			buildSettings = {
				CODE_SIGN_STYLE = Automatic;
				CURRENT_PROJECT_VERSION = 1;
				DEVELOPMENT_TEAM = 56MQCL972R;
				GENERATE_INFOPLIST_FILE = YES;
				MARKETING_VERSION = 1.0;
				PRODUCT_BUNDLE_IDENTIFIER = "com.jinsoopark.-st-hw-ParkJinsooUITests";
				PRODUCT_NAME = "$(TARGET_NAME)";
				SWIFT_EMIT_LOC_STRINGS = NO;
				SWIFT_VERSION = 5.0;
				TARGETED_DEVICE_FAMILY = "1,2";
				TEST_TARGET_NAME = 1st_hw_ParkJinsoo;
			};
			name = Debug;
		};
		377B0CBB2E7C59340022A5AB /* Release */ = {
			isa = XCBuildConfiguration;
			buildSettings = {
				CODE_SIGN_STYLE = Automatic;
				CURRENT_PROJECT_VERSION = 1;
				DEVELOPMENT_TEAM = 56MQCL972R;
				GENERATE_INFOPLIST_FILE = YES;
				MARKETING_VERSION = 1.0;
				PRODUCT_BUNDLE_IDENTIFIER = "com.jinsoopark.-st-hw-ParkJinsooUITests";
				PRODUCT_NAME = "$(TARGET_NAME)";
				SWIFT_EMIT_LOC_STRINGS = NO;
				SWIFT_VERSION = 5.0;
				TARGETED_DEVICE_FAMILY = "1,2";
				TEST_TARGET_NAME = 1st_hw_ParkJinsoo;
			};
			name = Release;
		};
/* End XCBuildConfiguration section */

/* Begin XCConfigurationList section */
		377B0C8D2E7C59300022A5AB /* Build configuration list for PBXProject "1st_hw_ParkJinsoo" */ = {
			isa = XCConfigurationList;
			buildConfigurations = (
				377B0CB12E7C59340022A5AB /* Debug */,
				377B0CB22E7C59340022A5AB /* Release */,
			);
			defaultConfigurationIsVisible = 0;
			defaultConfigurationName = Release;
		};
		377B0CB32E7C59340022A5AB /* Build configuration list for PBXNativeTarget "1st_hw_ParkJinsoo" */ = {
			isa = XCConfigurationList;
			buildConfigurations = (
				377B0CB42E7C59340022A5AB /* Debug */,
				377B0CB52E7C59340022A5AB /* Release */,
			);
			defaultConfigurationIsVisible = 0;
			defaultConfigurationName = Release;
		};
		377B0CB62E7C59340022A5AB /* Build configuration list for PBXNativeTarget "1st_hw_ParkJinsooTests" */ = {
			isa = XCConfigurationList;
			buildConfigurations = (
				377B0CB72E7C59340022A5AB /* Debug */,
				377B0CB82E7C59340022A5AB /* Release */,
			);
			defaultConfigurationIsVisible = 0;
			defaultConfigurationName = Release;
		};
		377B0CB92E7C59340022A5AB /* Build configuration list for PBXNativeTarget "1st_hw_ParkJinsooUITests" */ = {
			isa = XCConfigurationList;
			buildConfigurations = (
				377B0CBA2E7C59340022A5AB /* Debug */,
				377B0CBB2E7C59340022A5AB /* Release */,
			);
			defaultConfigurationIsVisible = 0;
			defaultConfigurationName = Release;
		};
/* End XCConfigurationList section */
	};
	rootObject = 377B0C8A2E7C59300022A5AB /* Project object */;
}
